
Microsoft Visual Studio Solution File, Format Version 12.00
# Visual Studio Version 17
VisualStudioVersion = 17.1.32228.430
MinimumVisualStudioVersion = 10.0.40219.1
Project("{9A19103F-16F7-4668-BE54-9A1E7A4F7556}") = "tasks", "tasks\tasks.csproj", "{B2A6C6DC-8595-4BA2-98DF-C4174A36F10C}"
EndProject
Project("{2150E333-8FDC-42A3-9474-1A3956D46DE8}") = "Solution Items", "Solution Items", "{9E5BA067-8C61-4712-B8D5-D95E0BB9B599}"
	ProjectSection(SolutionItems) = preProject
		.editorconfig = .editorconfig
	EndProjectSection
EndProject
Project("{9A19103F-16F7-4668-BE54-9A1E7A4F7556}") = "accounting", "accounting\accounting.csproj", "{5473765F-AE4C-4CA6-B558-07C8C84D2A01}"
EndProject
Project("{9A19103F-16F7-4668-BE54-9A1E7A4F7556}") = "analytics", "analytics\analytics.csproj", "{C99B7AFB-8981-4A92-A998-2DC33AD32ED8}"
EndProject
Project("{FAE04EC0-301F-11D3-BF4B-00C04F79EFBC}") = "proto", "proto\proto.csproj", "{02B894F1-96B7-4C24-843B-A831CA478BC9}"
EndProject
Global
	GlobalSection(SolutionConfigurationPlatforms) = preSolution
		Debug|Any CPU = Debug|Any CPU
		Release|Any CPU = Release|Any CPU
	EndGlobalSection
	GlobalSection(ProjectConfigurationPlatforms) = postSolution
		{B2A6C6DC-8595-4BA2-98DF-C4174A36F10C}.Debug|Any CPU.ActiveCfg = Debug|Any CPU
		{B2A6C6DC-8595-4BA2-98DF-C4174A36F10C}.Debug|Any CPU.Build.0 = Debug|Any CPU
		{B2A6C6DC-8595-4BA2-98DF-C4174A36F10C}.Release|Any CPU.ActiveCfg = Release|Any CPU
		{B2A6C6DC-8595-4BA2-98DF-C4174A36F10C}.Release|Any CPU.Build.0 = Release|Any CPU
		{5473765F-AE4C-4CA6-B558-07C8C84D2A01}.Debug|Any CPU.ActiveCfg = Debug|Any CPU
		{5473765F-AE4C-4CA6-B558-07C8C84D2A01}.Debug|Any CPU.Build.0 = Debug|Any CPU
		{5473765F-AE4C-4CA6-B558-07C8C84D2A01}.Release|Any CPU.ActiveCfg = Release|Any CPU
		{5473765F-AE4C-4CA6-B558-07C8C84D2A01}.Release|Any CPU.Build.0 = Release|Any CPU
		{C99B7AFB-8981-4A92-A998-2DC33AD32ED8}.Debug|Any CPU.ActiveCfg = Debug|Any CPU
		{C99B7AFB-8981-4A92-A998-2DC33AD32ED8}.Debug|Any CPU.Build.0 = Debug|Any CPU
		{C99B7AFB-8981-4A92-A998-2DC33AD32ED8}.Release|Any CPU.ActiveCfg = Release|Any CPU
		{C99B7AFB-8981-4A92-A998-2DC33AD32ED8}.Release|Any CPU.Build.0 = Release|Any CPU
		{02B894F1-96B7-4C24-843B-A831CA478BC9}.Debug|Any CPU.ActiveCfg = Debug|Any CPU
		{02B894F1-96B7-4C24-843B-A831CA478BC9}.Debug|Any CPU.Build.0 = Debug|Any CPU
		{02B894F1-96B7-4C24-843B-A831CA478BC9}.Release|Any CPU.ActiveCfg = Release|Any CPU
		{02B894F1-96B7-4C24-843B-A831CA478BC9}.Release|Any CPU.Build.0 = Release|Any CPU
	EndGlobalSection
	GlobalSection(SolutionProperties) = preSolution
		HideSolutionNode = FALSE
	EndGlobalSection
	GlobalSection(ExtensibilityGlobals) = postSolution
		SolutionGuid = {8E31678E-8F1B-42CE-9F9E-67A83102D791}
	EndGlobalSection
EndGlobal
